
Microsoft Visual Studio Solution File, Format Version 12.00
# Visual Studio Version 16
VisualStudioVersion = 16.0.29613.14
MinimumVisualStudioVersion = 10.0.40219.1
Project("{2150E333-8FDC-42A3-9474-1A3956D46DE8}") = "source", "source", "{1CEF9D91-C1BF-4F44-A8DA-38E19C3979D6}"
EndProject
Project("{9A19103F-16F7-4668-BE54-9A1E7A4F7556}") = "API.Domain", "API.Domain\API.Domain.csproj", "{BB0C5D1B-643A-4D22-8AEB-5D55139ADF55}"
EndProject
Project("{9A19103F-16F7-4668-BE54-9A1E7A4F7556}") = "API.Data", "API.Data\API.Data.csproj", "{D48478F7-1A94-40E6-963D-7D0D7AC32BAF}"
EndProject
Project("{9A19103F-16F7-4668-BE54-9A1E7A4F7556}") = "API.Business", "API.Business\API.Business.csproj", "{E42F11A2-B8D4-41F9-8560-DC7421751529}"
EndProject
Project("{9A19103F-16F7-4668-BE54-9A1E7A4F7556}") = "API.Web", "API.Web\API.Web.csproj", "{0327D951-E7F3-454C-BA36-513604D15789}"
EndProject
Project("{2150E333-8FDC-42A3-9474-1A3956D46DE8}") = "tests", "tests", "{D0B54586-7E88-4099-A3AA-46161D491330}"
EndProject
Project("{9A19103F-16F7-4668-BE54-9A1E7A4F7556}") = "API.Data.Test", "API.Data.Test\API.Data.Test.csproj", "{90D5E28B-191C-440A-94C1-E2668AA02BC7}"
EndProject
Project("{9A19103F-16F7-4668-BE54-9A1E7A4F7556}") = "API.Domain.Test", "API.Domain.Test\API.Domain.Test.csproj", "{61471425-0EE8-461D-8EEB-DAE4A4F2CAF2}"
EndProject
Project("{9A19103F-16F7-4668-BE54-9A1E7A4F7556}") = "API.Business.Test", "API.Business.Test\API.Business.Test.csproj", "{011F7F74-2A01-4680-A594-E5AA56461D43}"
EndProject
Project("{9A19103F-16F7-4668-BE54-9A1E7A4F7556}") = "API.Web.Test", "API.Web.Test\API.Web.Test.csproj", "{BED98394-E4E6-4697-87B8-FFFE7C4BDF74}"
EndProject
Project("{2150E333-8FDC-42A3-9474-1A3956D46DE8}") = "Solution Items", "Solution Items", "{90696820-8FA5-4E74-A5EE-3DC264807893}"
	ProjectSection(SolutionItems) = preProject
		.editorconfig = .editorconfig
	EndProjectSection
EndProject
Global
	GlobalSection(SolutionConfigurationPlatforms) = preSolution
		Debug|Any CPU = Debug|Any CPU
		Release|Any CPU = Release|Any CPU
	EndGlobalSection
	GlobalSection(ProjectConfigurationPlatforms) = postSolution
		{BB0C5D1B-643A-4D22-8AEB-5D55139ADF55}.Debug|Any CPU.ActiveCfg = Debug|Any CPU
		{BB0C5D1B-643A-4D22-8AEB-5D55139ADF55}.Debug|Any CPU.Build.0 = Debug|Any CPU
		{BB0C5D1B-643A-4D22-8AEB-5D55139ADF55}.Release|Any CPU.ActiveCfg = Release|Any CPU
		{BB0C5D1B-643A-4D22-8AEB-5D55139ADF55}.Release|Any CPU.Build.0 = Release|Any CPU
		{D48478F7-1A94-40E6-963D-7D0D7AC32BAF}.Debug|Any CPU.ActiveCfg = Debug|Any CPU
		{D48478F7-1A94-40E6-963D-7D0D7AC32BAF}.Debug|Any CPU.Build.0 = Debug|Any CPU
		{D48478F7-1A94-40E6-963D-7D0D7AC32BAF}.Release|Any CPU.ActiveCfg = Release|Any CPU
		{D48478F7-1A94-40E6-963D-7D0D7AC32BAF}.Release|Any CPU.Build.0 = Release|Any CPU
		{E42F11A2-B8D4-41F9-8560-DC7421751529}.Debug|Any CPU.ActiveCfg = Debug|Any CPU
		{E42F11A2-B8D4-41F9-8560-DC7421751529}.Debug|Any CPU.Build.0 = Debug|Any CPU
		{E42F11A2-B8D4-41F9-8560-DC7421751529}.Release|Any CPU.ActiveCfg = Release|Any CPU
		{E42F11A2-B8D4-41F9-8560-DC7421751529}.Release|Any CPU.Build.0 = Release|Any CPU
		{0327D951-E7F3-454C-BA36-513604D15789}.Debug|Any CPU.ActiveCfg = Debug|Any CPU
		{0327D951-E7F3-454C-BA36-513604D15789}.Debug|Any CPU.Build.0 = Debug|Any CPU
		{0327D951-E7F3-454C-BA36-513604D15789}.Release|Any CPU.ActiveCfg = Release|Any CPU
		{0327D951-E7F3-454C-BA36-513604D15789}.Release|Any CPU.Build.0 = Release|Any CPU
		{90D5E28B-191C-440A-94C1-E2668AA02BC7}.Debug|Any CPU.ActiveCfg = Debug|Any CPU
		{90D5E28B-191C-440A-94C1-E2668AA02BC7}.Debug|Any CPU.Build.0 = Debug|Any CPU
		{90D5E28B-191C-440A-94C1-E2668AA02BC7}.Release|Any CPU.ActiveCfg = Release|Any CPU
		{90D5E28B-191C-440A-94C1-E2668AA02BC7}.Release|Any CPU.Build.0 = Release|Any CPU
		{61471425-0EE8-461D-8EEB-DAE4A4F2CAF2}.Debug|Any CPU.ActiveCfg = Debug|Any CPU
		{61471425-0EE8-461D-8EEB-DAE4A4F2CAF2}.Debug|Any CPU.Build.0 = Debug|Any CPU
		{61471425-0EE8-461D-8EEB-DAE4A4F2CAF2}.Release|Any CPU.ActiveCfg = Release|Any CPU
		{61471425-0EE8-461D-8EEB-DAE4A4F2CAF2}.Release|Any CPU.Build.0 = Release|Any CPU
		{011F7F74-2A01-4680-A594-E5AA56461D43}.Debug|Any CPU.ActiveCfg = Debug|Any CPU
		{011F7F74-2A01-4680-A594-E5AA56461D43}.Debug|Any CPU.Build.0 = Debug|Any CPU
		{011F7F74-2A01-4680-A594-E5AA56461D43}.Release|Any CPU.ActiveCfg = Release|Any CPU
		{011F7F74-2A01-4680-A594-E5AA56461D43}.Release|Any CPU.Build.0 = Release|Any CPU
		{BED98394-E4E6-4697-87B8-FFFE7C4BDF74}.Debug|Any CPU.ActiveCfg = Debug|Any CPU
		{BED98394-E4E6-4697-87B8-FFFE7C4BDF74}.Debug|Any CPU.Build.0 = Debug|Any CPU
		{BED98394-E4E6-4697-87B8-FFFE7C4BDF74}.Release|Any CPU.ActiveCfg = Release|Any CPU
		{BED98394-E4E6-4697-87B8-FFFE7C4BDF74}.Release|Any CPU.Build.0 = Release|Any CPU
	EndGlobalSection
	GlobalSection(SolutionProperties) = preSolution
		HideSolutionNode = FALSE
	EndGlobalSection
	GlobalSection(NestedProjects) = preSolution
		{BB0C5D1B-643A-4D22-8AEB-5D55139ADF55} = {1CEF9D91-C1BF-4F44-A8DA-38E19C3979D6}
		{D48478F7-1A94-40E6-963D-7D0D7AC32BAF} = {1CEF9D91-C1BF-4F44-A8DA-38E19C3979D6}
		{E42F11A2-B8D4-41F9-8560-DC7421751529} = {1CEF9D91-C1BF-4F44-A8DA-38E19C3979D6}
		{0327D951-E7F3-454C-BA36-513604D15789} = {1CEF9D91-C1BF-4F44-A8DA-38E19C3979D6}
		{90D5E28B-191C-440A-94C1-E2668AA02BC7} = {D0B54586-7E88-4099-A3AA-46161D491330}
		{61471425-0EE8-461D-8EEB-DAE4A4F2CAF2} = {D0B54586-7E88-4099-A3AA-46161D491330}
		{011F7F74-2A01-4680-A594-E5AA56461D43} = {D0B54586-7E88-4099-A3AA-46161D491330}
		{BED98394-E4E6-4697-87B8-FFFE7C4BDF74} = {D0B54586-7E88-4099-A3AA-46161D491330}
	EndGlobalSection
	GlobalSection(ExtensibilityGlobals) = postSolution
		SolutionGuid = {F8D11E9E-0FF4-4C1A-A2C1-12A37F38B048}
	EndGlobalSection
EndGlobal
